// !$*UTF8*$!
{
	archiveVersion = 1;
	classes = {
	};
	objectVersion = 46;
	objects = {

/* Begin PBXBuildFile section */
		FF588C091E53A68200D95928 /* AppDelegate.swift in Sources */ = {isa = PBXBuildFile; fileRef = FF588C081E53A68200D95928 /* AppDelegate.swift */; };
		FF588C0B1E53A68200D95928 /* ViewController.swift in Sources */ = {isa = PBXBuildFile; fileRef = FF588C0A1E53A68200D95928 /* ViewController.swift */; };
		FF588C0E1E53A68200D95928 /* Main.storyboard in Resources */ = {isa = PBXBuildFile; fileRef = FF588C0C1E53A68200D95928 /* Main.storyboard */; };
		FF588C101E53A68200D95928 /* Assets.xcassets in Resources */ = {isa = PBXBuildFile; fileRef = FF588C0F1E53A68200D95928 /* Assets.xcassets */; };
		FF588C131E53A68200D95928 /* LaunchScreen.storyboard in Resources */ = {isa = PBXBuildFile; fileRef = FF588C111E53A68200D95928 /* LaunchScreen.storyboard */; };
/* End PBXBuildFile section */

/* Begin PBXFileReference section */
		FF588C051E53A68200D95928 /* Nicomobile.app */ = {isa = PBXFileReference; explicitFileType = wrapper.application; includeInIndex = 0; path = Nicomobile.app; sourceTree = BUILT_PRODUCTS_DIR; };
		FF588C081E53A68200D95928 /* AppDelegate.swift */ = {isa = PBXFileReference; lastKnownFileType = sourcecode.swift; path = AppDelegate.swift; sourceTree = "<group>"; };
		FF588C0A1E53A68200D95928 /* ViewController.swift */ = {isa = PBXFileReference; lastKnownFileType = sourcecode.swift; path = ViewController.swift; sourceTree = "<group>"; };
		FF588C0D1E53A68200D95928 /* Base */ = {isa = PBXFileReference; lastKnownFileType = file.storyboard; name = Base; path = Base.lproj/Main.storyboard; sourceTree = "<group>"; };
		FF588C0F1E53A68200D95928 /* Assets.xcassets */ = {isa = PBXFileReference; lastKnownFileType = folder.assetcatalog; path = Assets.xcassets; sourceTree = "<group>"; };
		FF588C121E53A68200D95928 /* Base */ = {isa = PBXFileReference; lastKnownFileType = file.storyboard; name = Base; path = Base.lproj/LaunchScreen.storyboard; sourceTree = "<group>"; };
		FF588C141E53A68200D95928 /* Info.plist */ = {isa = PBXFileReference; lastKnownFileType = text.plist.xml; path = Info.plist; sourceTree = "<group>"; };
/* End PBXFileReference section */

/* Begin PBXFrameworksBuildPhase section */
		FF588C021E53A68200D95928 /* Frameworks */ = {
			isa = PBXFrameworksBuildPhase;
			buildActionMask = 2147483647;
			files = (
			);
			runOnlyForDeploymentPostprocessing = 0;
		};
/* End PBXFrameworksBuildPhase section */

/* Begin PBXGroup section */
		FF588BFC1E53A68200D95928 = {
			isa = PBXGroup;
			children = (
				FF588C071E53A68200D95928 /* Nicomobile */,
				FF588C061E53A68200D95928 /* Products */,
			);
			sourceTree = "<group>";
		};
		FF588C061E53A68200D95928 /* Products */ = {
			isa = PBXGroup;
			children = (
				FF588C051E53A68200D95928 /* Nicomobile.app */,
			);
			name = Products;
			sourceTree = "<group>";
		};
		FF588C071E53A68200D95928 /* Nicomobile */ = {
			isa = PBXGroup;
			children = (
				FF588C081E53A68200D95928 /* AppDelegate.swift */,
				FF588C0A1E53A68200D95928 /* ViewController.swift */,
				FF588C0C1E53A68200D95928 /* Main.storyboard */,
				FF588C0F1E53A68200D95928 /* Assets.xcassets */,
				FF588C111E53A68200D95928 /* LaunchScreen.storyboard */,
				FF588C141E53A68200D95928 /* Info.plist */,
			);
			path = Nicomobile;
			sourceTree = "<group>";
		};
/* End PBXGroup section */

/* Begin PBXNativeTarget section */
		FF588C041E53A68200D95928 /* Nicomobile */ = {
			isa = PBXNativeTarget;
			buildConfigurationList = FF588C171E53A68200D95928 /* Build configuration list for PBXNativeTarget "Nicomobile" */;
			buildPhases = (
				FF588C011E53A68200D95928 /* Sources */,
				FF588C021E53A68200D95928 /* Frameworks */,
				FF588C031E53A68200D95928 /* Resources */,
			);
			buildRules = (
			);
			dependencies = (
			);
			name = Nicomobile;
			productName = Nicomobile;
			productReference = FF588C051E53A68200D95928 /* Nicomobile.app */;
			productType = "com.apple.product-type.application";
		};
/* End PBXNativeTarget section */

/* Begin PBXProject section */
		FF588BFD1E53A68200D95928 /* Project object */ = {
			isa = PBXProject;
			attributes = {
				LastSwiftUpdateCheck = 0820;
				LastUpgradeCheck = 0820;
				ORGANIZATIONNAME = criszama;
				TargetAttributes = {
					FF588C041E53A68200D95928 = {
						CreatedOnToolsVersion = 8.2.1;
						ProvisioningStyle = Automatic;
					};
				};
			};
			buildConfigurationList = FF588C001E53A68200D95928 /* Build configuration list for PBXProject "Nicomobile" */;
			compatibilityVersion = "Xcode 3.2";
			developmentRegion = English;
			hasScannedForEncodings = 0;
			knownRegions = (
				en,
				Base,
			);
			mainGroup = FF588BFC1E53A68200D95928;
			productRefGroup = FF588C061E53A68200D95928 /* Products */;
			projectDirPath = "";
			projectRoot = "";
			targets = (
				FF588C041E53A68200D95928 /* Nicomobile */,
			);
		};
/* End PBXProject section */

/* Begin PBXResourcesBuildPhase section */
		FF588C031E53A68200D95928 /* Resources */ = {
			isa = PBXResourcesBuildPhase;
			buildActionMask = 2147483647;
			files = (
				FF588C131E53A68200D95928 /* LaunchScreen.storyboard in Resources */,
				FF588C101E53A68200D95928 /* Assets.xcassets in Resources */,
				FF588C0E1E53A68200D95928 /* Main.storyboard in Resources */,
			);
			runOnlyForDeploymentPostprocessing = 0;
		};
/* End PBXResourcesBuildPhase section */

/* Begin PBXSourcesBuildPhase section */
		FF588C011E53A68200D95928 /* Sources */ = {
			isa = PBXSourcesBuildPhase;
			buildActionMask = 2147483647;
			files = (
				FF588C0B1E53A68200D95928 /* ViewController.swift in Sources */,
				FF588C091E53A68200D95928 /* AppDelegate.swift in Sources */,
			);
			runOnlyForDeploymentPostprocessing = 0;
		};
/* End PBXSourcesBuildPhase section */

/* Begin PBXVariantGroup section */
		FF588C0C1E53A68200D95928 /* Main.storyboard */ = {
			isa = PBXVariantGroup;
			children = (
				FF588C0D1E53A68200D95928 /* Base */,
			);
			name = Main.storyboard;
			sourceTree = "<group>";
		};
		FF588C111E53A68200D95928 /* LaunchScreen.storyboard */ = {
			isa = PBXVariantGroup;
			children = (
				FF588C121E53A68200D95928 /* Base */,
			);
			name = LaunchScreen.storyboard;
			sourceTree = "<group>";
		};
/* End PBXVariantGroup section */

/* Begin XCBuildConfiguration section */
		FF588C151E53A68200D95928 /* Debug */ = {
			isa = XCBuildConfiguration;
			buildSettings = {
				ALWAYS_SEARCH_USER_PATHS = NO;
				CLANG_ANALYZER_NONNULL = YES;
				CLANG_CXX_LANGUAGE_STANDARD = "gnu++0x";
				CLANG_CXX_LIBRARY = "libc++";
				CLANG_ENABLE_MODULES = YES;
				CLANG_ENABLE_OBJC_ARC = YES;
				CLANG_WARN_BOOL_CONVERSION = YES;
				CLANG_WARN_CONSTANT_CONVERSION = YES;
				CLANG_WARN_DIRECT_OBJC_ISA_USAGE = YES_ERROR;
				CLANG_WARN_DOCUMENTATION_COMMENTS = YES;
				CLANG_WARN_EMPTY_BODY = YES;
				CLANG_WARN_ENUM_CONVERSION = YES;
				CLANG_WARN_INFINITE_RECURSION = YES;
				CLANG_WARN_INT_CONVERSION = YES;
				CLANG_WARN_OBJC_ROOT_CLASS = YES_ERROR;
				CLANG_WARN_SUSPICIOUS_MOVE = YES;
				CLANG_WARN_UNREACHABLE_CODE = YES;
				CLANG_WARN__DUPLICATE_METHOD_MATCH = YES;
				"CODE_SIGN_IDENTITY[sdk=iphoneos*]" = "iPhone Developer";
				COPY_PHASE_STRIP = NO;
				DEBUG_INFORMATION_FORMAT = dwarf;
				ENABLE_STRICT_OBJC_MSGSEND = YES;
				ENABLE_TESTABILITY = YES;
				GCC_C_LANGUAGE_STANDARD = gnu99;
				GCC_DYNAMIC_NO_PIC = NO;
				GCC_NO_COMMON_BLOCKS = YES;
				GCC_OPTIMIZATION_LEVEL = 0;
				GCC_PREPROCESSOR_DEFINITIONS = (
					"DEBUG=1",
					"$(inherited)",
				);
				GCC_WARN_64_TO_32_BIT_CONVERSION = YES;
				GCC_WARN_ABOUT_RETURN_TYPE = YES_ERROR;
				GCC_WARN_UNDECLARED_SELECTOR = YES;
				GCC_WARN_UNINITIALIZED_AUTOS = YES_AGGRESSIVE;
				GCC_WARN_UNUSED_FUNCTION = YES;
				GCC_WARN_UNUSED_VARIABLE = YES;
				IPHONEOS_DEPLOYMENT_TARGET = 10.2;
				MTL_ENABLE_DEBUG_INFO = YES;
				ONLY_ACTIVE_ARCH = YES;
				SDKROOT = iphoneos;
				SWIFT_ACTIVE_COMPILATION_CONDITIONS = DEBUG;
				SWIFT_OPTIMIZATION_LEVEL = "-Onone";
				TARGETED_DEVICE_FAMILY = "1,2";
			};
			name = Debug;
		};
		FF588C161E53A68200D95928 /* Release */ = {
			isa = XCBuildConfiguration;
			buildSettings = {
				ALWAYS_SEARCH_USER_PATHS = NO;
				CLANG_ANALYZER_NONNULL = YES;
				CLANG_CXX_LANGUAGE_STANDARD = "gnu++0x";
				CLANG_CXX_LIBRARY = "libc++";
				CLANG_ENABLE_MODULES = YES;
				CLANG_ENABLE_OBJC_ARC = YES;
				CLANG_WARN_BOOL_CONVERSION = YES;
				CLANG_WARN_CONSTANT_CONVERSION = YES;
				CLANG_WARN_DIRECT_OBJC_ISA_USAGE = YES_ERROR;
				CLANG_WARN_DOCUMENTATION_COMMENTS = YES;
				CLANG_WARN_EMPTY_BODY = YES;
				CLANG_WARN_ENUM_CONVERSION = YES;
				CLANG_WARN_INFINITE_RECURSION = YES;
				CLANG_WARN_INT_CONVERSION = YES;
				CLANG_WARN_OBJC_ROOT_CLASS = YES_ERROR;
				CLANG_WARN_SUSPICIOUS_MOVE = YES;
				CLANG_WARN_UNREACHABLE_CODE = YES;
				CLANG_WARN__DUPLICATE_METHOD_MATCH = YES;
				"CODE_SIGN_IDENTITY[sdk=iphoneos*]" = "iPhone Developer";
				COPY_PHASE_STRIP = NO;
				DEBUG_INFORMATION_FORMAT = "dwarf-with-dsym";
				ENABLE_NS_ASSERTIONS = NO;
				ENABLE_STRICT_OBJC_MSGSEND = YES;
				GCC_C_LANGUAGE_STANDARD = gnu99;
				GCC_NO_COMMON_BLOCKS = YES;
				GCC_WARN_64_TO_32_BIT_CONVERSION = YES;
				GCC_WARN_ABOUT_RETURN_TYPE = YES_ERROR;
				GCC_WARN_UNDECLARED_SELECTOR = YES;
				GCC_WARN_UNINITIALIZED_AUTOS = YES_AGGRESSIVE;
				GCC_WARN_UNUSED_FUNCTION = YES;
				GCC_WARN_UNUSED_VARIABLE = YES;
				IPHONEOS_DEPLOYMENT_TARGET = 10.2;
				MTL_ENABLE_DEBUG_INFO = NO;
				SDKROOT = iphoneos;
				SWIFT_OPTIMIZATION_LEVEL = "-Owholemodule";
				TARGETED_DEVICE_FAMILY = "1,2";
				VALIDATE_PRODUCT = YES;
			};
			name = Release;
		};
		FF588C181E53A68200D95928 /* Debug */ = {
			isa = XCBuildConfiguration;
			buildSettings = {
				ASSETCATALOG_COMPILER_APPICON_NAME = AppIcon;
				INFOPLIST_FILE = Nicomobile/Info.plist;
				LD_RUNPATH_SEARCH_PATHS = "$(inherited) @executable_path/Frameworks";
				PRODUCT_BUNDLE_IDENTIFIER = cris.Nicomobile;
				PRODUCT_NAME = "$(TARGET_NAME)";
				SWIFT_VERSION = 3.0;
			};
			name = Debug;
		};
		FF588C191E53A68200D95928 /* Release */ = {
			isa = XCBuildConfiguration;
			buildSettings = {
				ASSETCATALOG_COMPILER_APPICON_NAME = AppIcon;
				INFOPLIST_FILE = Nicomobile/Info.plist;
				LD_RUNPATH_SEARCH_PATHS = "$(inherited) @executable_path/Frameworks";
				PRODUCT_BUNDLE_IDENTIFIER = cris.Nicomobile;
				PRODUCT_NAME = "$(TARGET_NAME)";
				SWIFT_VERSION = 3.0;
			};
			name = Release;
		};
/* End XCBuildConfiguration section */

/* Begin XCConfigurationList section */
		FF588C001E53A68200D95928 /* Build configuration list for PBXProject "Nicomobile" */ = {
			isa = XCConfigurationList;
			buildConfigurations = (
				FF588C151E53A68200D95928 /* Debug */,
				FF588C161E53A68200D95928 /* Release */,
			);
			defaultConfigurationIsVisible = 0;
			defaultConfigurationName = Release;
		};
		FF588C171E53A68200D95928 /* Build configuration list for PBXNativeTarget "Nicomobile" */ = {
			isa = XCConfigurationList;
			buildConfigurations = (
				FF588C181E53A68200D95928 /* Debug */,
				FF588C191E53A68200D95928 /* Release */,
			);
			defaultConfigurationIsVisible = 0;
		};
/* End XCConfigurationList section */
	};
	rootObject = FF588BFD1E53A68200D95928 /* Project object */;
}
